
Microsoft Visual Studio Solution File, Format Version 12.00
# Visual Studio Version 16
VisualStudioVersion = 16.0.29123.88
MinimumVisualStudioVersion = 10.0.40219.1
Project("{FAE04EC0-301F-11D3-BF4B-00C04F79EFBC}") = "Console App Project", "Console App Project\Console App Project.csproj", "{7F024774-EA7E-411A-B598-0D76296FF4CF}"
EndProject
Global
	GlobalSection(SolutionConfigurationPlatforms) = preSolution
		Debug|Any CPU = Debug|Any CPU
		Release|Any CPU = Release|Any CPU
	EndGlobalSection
	GlobalSection(ProjectConfigurationPlatforms) = postSolution
		{7F024774-EA7E-411A-B598-0D76296FF4CF}.Debug|Any CPU.ActiveCfg = Debug|Any CPU
		{7F024774-EA7E-411A-B598-0D76296FF4CF}.Debug|Any CPU.Build.0 = Debug|Any CPU
		{7F024774-EA7E-411A-B598-0D76296FF4CF}.Release|Any CPU.ActiveCfg = Release|Any CPU
		{7F024774-EA7E-411A-B598-0D76296FF4CF}.Release|Any CPU.Build.0 = Release|Any CPU
	EndGlobalSection
	GlobalSection(SolutionProperties) = preSolution
		HideSolutionNode = FALSE
	EndGlobalSection
	GlobalSection(ExtensibilityGlobals) = postSolution
		SolutionGuid = {6347DA6E-FFC5-4CD3-9B19-BC1A3F1C7178}
	EndGlobalSection
EndGlobal
